
Microsoft Visual Studio Solution File, Format Version 12.00
# Visual Studio Version 16
VisualStudioVersion = 16.0.30611.23
MinimumVisualStudioVersion = 10.0.40219.1
Project("{FAE04EC0-301F-11D3-BF4B-00C04F79EFBC}") = "NewYearGift", "NewYearGift\NewYearGift.csproj", "{7E38A1DE-DC8E-4AE5-9053-377FE6D8CAA4}"
EndProject
Global
	GlobalSection(SolutionConfigurationPlatforms) = preSolution
		Debug|Any CPU = Debug|Any CPU
		Release|Any CPU = Release|Any CPU
	EndGlobalSection
	GlobalSection(ProjectConfigurationPlatforms) = postSolution
		{7E38A1DE-DC8E-4AE5-9053-377FE6D8CAA4}.Debug|Any CPU.ActiveCfg = Debug|Any CPU
		{7E38A1DE-DC8E-4AE5-9053-377FE6D8CAA4}.Debug|Any CPU.Build.0 = Debug|Any CPU
		{7E38A1DE-DC8E-4AE5-9053-377FE6D8CAA4}.Release|Any CPU.ActiveCfg = Release|Any CPU
		{7E38A1DE-DC8E-4AE5-9053-377FE6D8CAA4}.Release|Any CPU.Build.0 = Release|Any CPU
	EndGlobalSection
	GlobalSection(SolutionProperties) = preSolution
		HideSolutionNode = FALSE
	EndGlobalSection
	GlobalSection(ExtensibilityGlobals) = postSolution
		SolutionGuid = {FC00092E-8D61-47D3-A54D-0F3E25D0C2AE}
	EndGlobalSection
EndGlobal
